
Microsoft Visual Studio Solution File, Format Version 12.00
# Visual Studio Version 17
VisualStudioVersion = 17.4.33403.182
MinimumVisualStudioVersion = 10.0.40219.1
Project("{8BC9CEB8-8B4A-11D0-8D11-00A0C91BC942}") = "2023-03-08-Valor_Absoluto", "2023-03-08-Valor_Absoluto.vcxproj", "{FF4248CE-B5C7-4A11-9223-36864A2579DC}"
EndProject
Global
	GlobalSection(SolutionConfigurationPlatforms) = preSolution
		Debug|x64 = Debug|x64
		Debug|x86 = Debug|x86
		Release|x64 = Release|x64
		Release|x86 = Release|x86
	EndGlobalSection
	GlobalSection(ProjectConfigurationPlatforms) = postSolution
		{FF4248CE-B5C7-4A11-9223-36864A2579DC}.Debug|x64.ActiveCfg = Debug|x64
		{FF4248CE-B5C7-4A11-9223-36864A2579DC}.Debug|x64.Build.0 = Debug|x64
		{FF4248CE-B5C7-4A11-9223-36864A2579DC}.Debug|x86.ActiveCfg = Debug|Win32
		{FF4248CE-B5C7-4A11-9223-36864A2579DC}.Debug|x86.Build.0 = Debug|Win32
		{FF4248CE-B5C7-4A11-9223-36864A2579DC}.Release|x64.ActiveCfg = Release|x64
		{FF4248CE-B5C7-4A11-9223-36864A2579DC}.Release|x64.Build.0 = Release|x64
		{FF4248CE-B5C7-4A11-9223-36864A2579DC}.Release|x86.ActiveCfg = Release|Win32
		{FF4248CE-B5C7-4A11-9223-36864A2579DC}.Release|x86.Build.0 = Release|Win32
	EndGlobalSection
	GlobalSection(SolutionProperties) = preSolution
		HideSolutionNode = FALSE
	EndGlobalSection
	GlobalSection(ExtensibilityGlobals) = postSolution
		SolutionGuid = {ECA35423-4F0F-4A5A-A12A-4EA4E52ACED5}
	EndGlobalSection
EndGlobal
